
Microsoft Visual Studio Solution File, Format Version 12.00
# Visual Studio Version 17
VisualStudioVersion = 17.5.33530.505
MinimumVisualStudioVersion = 10.0.40219.1
Project("{FAE04EC0-301F-11D3-BF4B-00C04F79EFBC}") = "HairCut Management System", "HairCut Management System\HairCut Management System.csproj", "{DF1B60F1-5418-4384-B26B-5DF1A715DA4E}"
EndProject
Global
	GlobalSection(SolutionConfigurationPlatforms) = preSolution
		Debug|Any CPU = Debug|Any CPU
		Release|Any CPU = Release|Any CPU
	EndGlobalSection
	GlobalSection(ProjectConfigurationPlatforms) = postSolution
		{DF1B60F1-5418-4384-B26B-5DF1A715DA4E}.Debug|Any CPU.ActiveCfg = Debug|Any CPU
		{DF1B60F1-5418-4384-B26B-5DF1A715DA4E}.Debug|Any CPU.Build.0 = Debug|Any CPU
		{DF1B60F1-5418-4384-B26B-5DF1A715DA4E}.Release|Any CPU.ActiveCfg = Release|Any CPU
		{DF1B60F1-5418-4384-B26B-5DF1A715DA4E}.Release|Any CPU.Build.0 = Release|Any CPU
	EndGlobalSection
	GlobalSection(SolutionProperties) = preSolution
		HideSolutionNode = FALSE
	EndGlobalSection
	GlobalSection(ExtensibilityGlobals) = postSolution
		SolutionGuid = {D9AAA8F9-7324-4918-8B55-A8B210370BDE}
	EndGlobalSection
EndGlobal
